
Microsoft Visual Studio Solution File, Format Version 12.00
# Visual Studio Version 17
VisualStudioVersion = 17.14.35806.103 d17.14
MinimumVisualStudioVersion = 10.0.40219.1
Project("{54A90642-561A-4BB1-A94E-469ADEE60C69}") = "interviewtask.client", "interviewtask.client\interviewtask.client.esproj", "{97AB0583-B751-6D57-9606-78EBF01FF14F}"
EndProject
Project("{FAE04EC0-301F-11D3-BF4B-00C04F79EFBC}") = "InterviewTask.Server", "InterviewTask.Server\InterviewTask.Server.csproj", "{7AB9A865-7E7A-4D9D-A93E-A8B5BEF2DF32}"
EndProject
Global
	GlobalSection(SolutionConfigurationPlatforms) = preSolution
		Debug|Any CPU = Debug|Any CPU
		Release|Any CPU = Release|Any CPU
	EndGlobalSection
	GlobalSection(ProjectConfigurationPlatforms) = postSolution
		{97AB0583-B751-6D57-9606-78EBF01FF14F}.Debug|Any CPU.ActiveCfg = Debug|Any CPU
		{97AB0583-B751-6D57-9606-78EBF01FF14F}.Debug|Any CPU.Build.0 = Debug|Any CPU
		{97AB0583-B751-6D57-9606-78EBF01FF14F}.Debug|Any CPU.Deploy.0 = Debug|Any CPU
		{97AB0583-B751-6D57-9606-78EBF01FF14F}.Release|Any CPU.ActiveCfg = Release|Any CPU
		{97AB0583-B751-6D57-9606-78EBF01FF14F}.Release|Any CPU.Build.0 = Release|Any CPU
		{97AB0583-B751-6D57-9606-78EBF01FF14F}.Release|Any CPU.Deploy.0 = Release|Any CPU
		{7AB9A865-7E7A-4D9D-A93E-A8B5BEF2DF32}.Debug|Any CPU.ActiveCfg = Debug|Any CPU
		{7AB9A865-7E7A-4D9D-A93E-A8B5BEF2DF32}.Debug|Any CPU.Build.0 = Debug|Any CPU
		{7AB9A865-7E7A-4D9D-A93E-A8B5BEF2DF32}.Release|Any CPU.ActiveCfg = Release|Any CPU
		{7AB9A865-7E7A-4D9D-A93E-A8B5BEF2DF32}.Release|Any CPU.Build.0 = Release|Any CPU
	EndGlobalSection
	GlobalSection(SolutionProperties) = preSolution
		HideSolutionNode = FALSE
	EndGlobalSection
	GlobalSection(ExtensibilityGlobals) = postSolution
		SolutionGuid = {828CCB77-289B-4D68-AC87-89B1862A32BF}
	EndGlobalSection
EndGlobal
